
Microsoft Visual Studio Solution File, Format Version 12.00
# Visual Studio Version 17
VisualStudioVersion = 17.1.32210.238
MinimumVisualStudioVersion = 10.0.40219.1
Project("{FAE04EC0-301F-11D3-BF4B-00C04F79EFBC}") = "UC3_PrThree", "UC3_PrThree\UC3_PrThree.csproj", "{D4FDD479-011D-4756-A45B-682CEF5D9CDF}"
EndProject
Global
	GlobalSection(SolutionConfigurationPlatforms) = preSolution
		Debug|Any CPU = Debug|Any CPU
		Release|Any CPU = Release|Any CPU
	EndGlobalSection
	GlobalSection(ProjectConfigurationPlatforms) = postSolution
		{D4FDD479-011D-4756-A45B-682CEF5D9CDF}.Debug|Any CPU.ActiveCfg = Debug|Any CPU
		{D4FDD479-011D-4756-A45B-682CEF5D9CDF}.Debug|Any CPU.Build.0 = Debug|Any CPU
		{D4FDD479-011D-4756-A45B-682CEF5D9CDF}.Release|Any CPU.ActiveCfg = Release|Any CPU
		{D4FDD479-011D-4756-A45B-682CEF5D9CDF}.Release|Any CPU.Build.0 = Release|Any CPU
	EndGlobalSection
	GlobalSection(SolutionProperties) = preSolution
		HideSolutionNode = FALSE
	EndGlobalSection
	GlobalSection(ExtensibilityGlobals) = postSolution
		SolutionGuid = {6CB8BF0B-B734-4571-A136-6EC61A55613C}
	EndGlobalSection
EndGlobal
